
Microsoft Visual Studio Solution File, Format Version 12.00
# Visual Studio Version 16
VisualStudioVersion = 16.0.30717.126
MinimumVisualStudioVersion = 10.0.40219.1
Project("{9A19103F-16F7-4668-BE54-9A1E7A4F7556}") = "TagGameBLL", "TagGameBLL\TagGameBLL.csproj", "{97617B76-82ED-43BE-A1AF-094EC64A210A}"
EndProject
Project("{9A19103F-16F7-4668-BE54-9A1E7A4F7556}") = "TagGameConsole", "TagGameConsole\TagGameConsole.csproj", "{EA03FB04-400F-486E-8DCA-51E054BA53C5}"
	ProjectSection(ProjectDependencies) = postProject
		{97617B76-82ED-43BE-A1AF-094EC64A210A} = {97617B76-82ED-43BE-A1AF-094EC64A210A}
	EndProjectSection
EndProject
Project("{FAE04EC0-301F-11D3-BF4B-00C04F79EFBC}") = "TagGameBLLTests", "TagGameBLLTests\TagGameBLLTests.csproj", "{91D6B4AD-CE42-495E-89E7-545FD631634A}"
	ProjectSection(ProjectDependencies) = postProject
		{97617B76-82ED-43BE-A1AF-094EC64A210A} = {97617B76-82ED-43BE-A1AF-094EC64A210A}
	EndProjectSection
EndProject
Global
	GlobalSection(SolutionConfigurationPlatforms) = preSolution
		Debug|Any CPU = Debug|Any CPU
		Release|Any CPU = Release|Any CPU
	EndGlobalSection
	GlobalSection(ProjectConfigurationPlatforms) = postSolution
		{97617B76-82ED-43BE-A1AF-094EC64A210A}.Debug|Any CPU.ActiveCfg = Debug|Any CPU
		{97617B76-82ED-43BE-A1AF-094EC64A210A}.Debug|Any CPU.Build.0 = Debug|Any CPU
		{97617B76-82ED-43BE-A1AF-094EC64A210A}.Release|Any CPU.ActiveCfg = Release|Any CPU
		{97617B76-82ED-43BE-A1AF-094EC64A210A}.Release|Any CPU.Build.0 = Release|Any CPU
		{EA03FB04-400F-486E-8DCA-51E054BA53C5}.Debug|Any CPU.ActiveCfg = Debug|Any CPU
		{EA03FB04-400F-486E-8DCA-51E054BA53C5}.Debug|Any CPU.Build.0 = Debug|Any CPU
		{EA03FB04-400F-486E-8DCA-51E054BA53C5}.Release|Any CPU.ActiveCfg = Release|Any CPU
		{EA03FB04-400F-486E-8DCA-51E054BA53C5}.Release|Any CPU.Build.0 = Release|Any CPU
		{91D6B4AD-CE42-495E-89E7-545FD631634A}.Debug|Any CPU.ActiveCfg = Debug|Any CPU
		{91D6B4AD-CE42-495E-89E7-545FD631634A}.Debug|Any CPU.Build.0 = Debug|Any CPU
		{91D6B4AD-CE42-495E-89E7-545FD631634A}.Release|Any CPU.ActiveCfg = Release|Any CPU
		{91D6B4AD-CE42-495E-89E7-545FD631634A}.Release|Any CPU.Build.0 = Release|Any CPU
	EndGlobalSection
	GlobalSection(SolutionProperties) = preSolution
		HideSolutionNode = FALSE
	EndGlobalSection
	GlobalSection(ExtensibilityGlobals) = postSolution
		SolutionGuid = {51DD67A1-31BB-40EE-8477-4389370320C4}
	EndGlobalSection
EndGlobal
